{
  "name": "backend-frontend",
  "version": "0.1.0",
  "lockfileVersion": 2,
  "requires": true,
  "packages": {
    "": {
      "name": "backend-frontend",
      "version": "0.1.0",
      "hasInstallScript": true,
      "dependencies": {
        "opossum": "^6.2.1"
      }
    },
    "node_modules/opossum": {
      "version": "6.2.1",
      "resolved": "https://registry.npmjs.org/opossum/-/opossum-6.2.1.tgz",
      "integrity": "sha512-oUdteFqFp8wGKqs44NILocJcmhjARwLp2MlXbIvznPtbdQCZcR0q8IYa0k3EqhpxEsWqZt+LNTudkFDHrSuqpQ==",
      "engines": {
        "node": "^16 || ^14 || ^12"
      }
    }
  },
  "dependencies": {
    "opossum": {
      "version": "6.2.1",
      "resolved": "https://registry.npmjs.org/opossum/-/opossum-6.2.1.tgz",
      "integrity": "sha512-oUdteFqFp8wGKqs44NILocJcmhjARwLp2MlXbIvznPtbdQCZcR0q8IYa0k3EqhpxEsWqZt+LNTudkFDHrSuqpQ=="
    }
  }
}
